
Microsoft Visual Studio Solution File, Format Version 12.00
Project("{FAE04EC0-301F-11D3-BF4B-00C04F79EFBC}") = "DropBear.Codex.Operations", "DropBear.Codex.Operations\DropBear.Codex.Operations.csproj", "{2AB281AF-CA98-4BC5-A73C-120FC79AF6BB}"
EndProject
Global
	GlobalSection(SolutionConfigurationPlatforms) = preSolution
		Debug|Any CPU = Debug|Any CPU
		Release|Any CPU = Release|Any CPU
	EndGlobalSection
	GlobalSection(ProjectConfigurationPlatforms) = postSolution
		{2AB281AF-CA98-4BC5-A73C-120FC79AF6BB}.Debug|Any CPU.ActiveCfg = Debug|Any CPU
		{2AB281AF-CA98-4BC5-A73C-120FC79AF6BB}.Debug|Any CPU.Build.0 = Debug|Any CPU
		{2AB281AF-CA98-4BC5-A73C-120FC79AF6BB}.Release|Any CPU.ActiveCfg = Release|Any CPU
		{2AB281AF-CA98-4BC5-A73C-120FC79AF6BB}.Release|Any CPU.Build.0 = Release|Any CPU
	EndGlobalSection
EndGlobal
